
Microsoft Visual Studio Solution File, Format Version 12.00
# Visual Studio 2012
Project("{8BC9CEB8-8B4A-11D0-8D11-00A0C91BC942}") = "MainUI", "MainUI.vcxproj", "{D73129D4-E8FB-41AB-9EC5-2CE376D8BF27}"
EndProject
Global
	GlobalSection(SolutionConfigurationPlatforms) = preSolution
		Debug|Win32 = Debug|Win32
		Release|Win32 = Release|Win32
	EndGlobalSection
	GlobalSection(ProjectConfigurationPlatforms) = postSolution
		{D73129D4-E8FB-41AB-9EC5-2CE376D8BF27}.Debug|Win32.ActiveCfg = Debug|Win32
		{D73129D4-E8FB-41AB-9EC5-2CE376D8BF27}.Debug|Win32.Build.0 = Debug|Win32
		{D73129D4-E8FB-41AB-9EC5-2CE376D8BF27}.Release|Win32.ActiveCfg = Release|Win32
		{D73129D4-E8FB-41AB-9EC5-2CE376D8BF27}.Release|Win32.Build.0 = Release|Win32
	EndGlobalSection
	GlobalSection(SolutionProperties) = preSolution
		HideSolutionNode = FALSE
	EndGlobalSection
EndGlobal
